// !$*UTF8*$!
{
	archiveVersion = 1;
	classes = {
	};
	objectVersion = 50;
	objects = {

/* Begin PBXBuildFile section */
		1F0C703F23470C0A0090519B /* AppDelegate.swift in Sources */ = {isa = PBXBuildFile; fileRef = 1F0C703E23470C0A0090519B /* AppDelegate.swift */; };
		1F0C704123470C0A0090519B /* SceneDelegate.swift in Sources */ = {isa = PBXBuildFile; fileRef = 1F0C704023470C0A0090519B /* SceneDelegate.swift */; };
		1F0C704623470C0A0090519B /* Main.storyboard in Resources */ = {isa = PBXBuildFile; fileRef = 1F0C704423470C0A0090519B /* Main.storyboard */; };
		1F0C704823470C0B0090519B /* Assets.xcassets in Resources */ = {isa = PBXBuildFile; fileRef = 1F0C704723470C0B0090519B /* Assets.xcassets */; };
		1F0C704B23470C0B0090519B /* LaunchScreen.storyboard in Resources */ = {isa = PBXBuildFile; fileRef = 1F0C704923470C0B0090519B /* LaunchScreen.storyboard */; };
		1F0C705623470C0B0090519B /* CurrencyConverterTests.swift in Sources */ = {isa = PBXBuildFile; fileRef = 1F0C705523470C0B0090519B /* CurrencyConverterTests.swift */; };
		1F0C706123470C0C0090519B /* CurrencyConverterUITests.swift in Sources */ = {isa = PBXBuildFile; fileRef = 1F0C706023470C0C0090519B /* CurrencyConverterUITests.swift */; };
		1F0C706F23470C6A0090519B /* Networking.swift in Sources */ = {isa = PBXBuildFile; fileRef = 1F0C706E23470C6A0090519B /* Networking.swift */; };
		1F0C707123470D5B0090519B /* WebService.swift in Sources */ = {isa = PBXBuildFile; fileRef = 1F0C707023470D5B0090519B /* WebService.swift */; };
		1F0C707523470FC50090519B /* ConverterViewController.swift in Sources */ = {isa = PBXBuildFile; fileRef = 1F0C707423470FC50090519B /* ConverterViewController.swift */; };
		1F4ABBB22347122B00C24C7E /* NumericInputLabel.swift in Sources */ = {isa = PBXBuildFile; fileRef = 1F4ABBB12347122B00C24C7E /* NumericInputLabel.swift */; };
		1F4ABBB52347141000C24C7E /* UIToolbar+Extensions.swift in Sources */ = {isa = PBXBuildFile; fileRef = 1F4ABBB42347141000C24C7E /* UIToolbar+Extensions.swift */; };
		1F4ABBB723472D1C00C24C7E /* ConverterViewModel.swift in Sources */ = {isa = PBXBuildFile; fileRef = 1F4ABBB623472D1C00C24C7E /* ConverterViewModel.swift */; };
		1F4ABBB923472D7400C24C7E /* CurrencyCodes.csv in Resources */ = {isa = PBXBuildFile; fileRef = 1F4ABBB823472D7400C24C7E /* CurrencyCodes.csv */; };
		1F4ABBBB23472FF400C24C7E /* InputButton.swift in Sources */ = {isa = PBXBuildFile; fileRef = 1F4ABBBA23472FF400C24C7E /* InputButton.swift */; };
		1F4ABBBD2347357400C24C7E /* UIResponder+Extensions.swift in Sources */ = {isa = PBXBuildFile; fileRef = 1F4ABBBC2347357400C24C7E /* UIResponder+Extensions.swift */; };
/* End PBXBuildFile section */

/* Begin PBXContainerItemProxy section */
		1F0C705223470C0B0090519B /* PBXContainerItemProxy */ = {
			isa = PBXContainerItemProxy;
			containerPortal = 1F0C703323470C0A0090519B /* Project object */;
			proxyType = 1;
			remoteGlobalIDString = 1F0C703A23470C0A0090519B;
			remoteInfo = CurrencyConverter;
		};
		1F0C705D23470C0C0090519B /* PBXContainerItemProxy */ = {
			isa = PBXContainerItemProxy;
			containerPortal = 1F0C703323470C0A0090519B /* Project object */;
			proxyType = 1;
			remoteGlobalIDString = 1F0C703A23470C0A0090519B;
			remoteInfo = CurrencyConverter;
		};
/* End PBXContainerItemProxy section */

/* Begin PBXFileReference section */
		1F0C703B23470C0A0090519B /* CurrencyConverter.app */ = {isa = PBXFileReference; explicitFileType = wrapper.application; includeInIndex = 0; path = CurrencyConverter.app; sourceTree = BUILT_PRODUCTS_DIR; };
		1F0C703E23470C0A0090519B /* AppDelegate.swift */ = {isa = PBXFileReference; lastKnownFileType = sourcecode.swift; path = AppDelegate.swift; sourceTree = "<group>"; };
		1F0C704023470C0A0090519B /* SceneDelegate.swift */ = {isa = PBXFileReference; lastKnownFileType = sourcecode.swift; path = SceneDelegate.swift; sourceTree = "<group>"; };
		1F0C704523470C0A0090519B /* Base */ = {isa = PBXFileReference; lastKnownFileType = file.storyboard; name = Base; path = Base.lproj/Main.storyboard; sourceTree = "<group>"; };
		1F0C704723470C0B0090519B /* Assets.xcassets */ = {isa = PBXFileReference; lastKnownFileType = folder.assetcatalog; path = Assets.xcassets; sourceTree = "<group>"; };
		1F0C704A23470C0B0090519B /* Base */ = {isa = PBXFileReference; lastKnownFileType = file.storyboard; name = Base; path = Base.lproj/LaunchScreen.storyboard; sourceTree = "<group>"; };
		1F0C704C23470C0B0090519B /* Info.plist */ = {isa = PBXFileReference; lastKnownFileType = text.plist.xml; path = Info.plist; sourceTree = "<group>"; };
		1F0C705123470C0B0090519B /* CurrencyConverterTests.xctest */ = {isa = PBXFileReference; explicitFileType = wrapper.cfbundle; includeInIndex = 0; path = CurrencyConverterTests.xctest; sourceTree = BUILT_PRODUCTS_DIR; };
		1F0C705523470C0B0090519B /* CurrencyConverterTests.swift */ = {isa = PBXFileReference; lastKnownFileType = sourcecode.swift; path = CurrencyConverterTests.swift; sourceTree = "<group>"; };
		1F0C705723470C0B0090519B /* Info.plist */ = {isa = PBXFileReference; lastKnownFileType = text.plist.xml; path = Info.plist; sourceTree = "<group>"; };
		1F0C705C23470C0C0090519B /* CurrencyConverterUITests.xctest */ = {isa = PBXFileReference; explicitFileType = wrapper.cfbundle; includeInIndex = 0; path = CurrencyConverterUITests.xctest; sourceTree = BUILT_PRODUCTS_DIR; };
		1F0C706023470C0C0090519B /* CurrencyConverterUITests.swift */ = {isa = PBXFileReference; lastKnownFileType = sourcecode.swift; path = CurrencyConverterUITests.swift; sourceTree = "<group>"; };
		1F0C706223470C0C0090519B /* Info.plist */ = {isa = PBXFileReference; lastKnownFileType = text.plist.xml; path = Info.plist; sourceTree = "<group>"; };
		1F0C706E23470C6A0090519B /* Networking.swift */ = {isa = PBXFileReference; lastKnownFileType = sourcecode.swift; path = Networking.swift; sourceTree = "<group>"; };
		1F0C707023470D5B0090519B /* WebService.swift */ = {isa = PBXFileReference; lastKnownFileType = sourcecode.swift; path = WebService.swift; sourceTree = "<group>"; };
		1F0C707423470FC50090519B /* ConverterViewController.swift */ = {isa = PBXFileReference; lastKnownFileType = sourcecode.swift; path = ConverterViewController.swift; sourceTree = "<group>"; };
		1F4ABBB12347122B00C24C7E /* NumericInputLabel.swift */ = {isa = PBXFileReference; fileEncoding = 4; lastKnownFileType = sourcecode.swift; path = NumericInputLabel.swift; sourceTree = "<group>"; };
		1F4ABBB42347141000C24C7E /* UIToolbar+Extensions.swift */ = {isa = PBXFileReference; lastKnownFileType = sourcecode.swift; path = "UIToolbar+Extensions.swift"; sourceTree = "<group>"; };
		1F4ABBB623472D1C00C24C7E /* ConverterViewModel.swift */ = {isa = PBXFileReference; lastKnownFileType = sourcecode.swift; path = ConverterViewModel.swift; sourceTree = "<group>"; };
		1F4ABBB823472D7400C24C7E /* CurrencyCodes.csv */ = {isa = PBXFileReference; fileEncoding = 4; lastKnownFileType = text; path = CurrencyCodes.csv; sourceTree = "<group>"; };
		1F4ABBBA23472FF400C24C7E /* InputButton.swift */ = {isa = PBXFileReference; lastKnownFileType = sourcecode.swift; path = InputButton.swift; sourceTree = "<group>"; };
		1F4ABBBC2347357400C24C7E /* UIResponder+Extensions.swift */ = {isa = PBXFileReference; lastKnownFileType = sourcecode.swift; path = "UIResponder+Extensions.swift"; sourceTree = "<group>"; };
/* End PBXFileReference section */

/* Begin PBXFrameworksBuildPhase section */
		1F0C703823470C0A0090519B /* Frameworks */ = {
			isa = PBXFrameworksBuildPhase;
			buildActionMask = 2147483647;
			files = (
			);
			runOnlyForDeploymentPostprocessing = 0;
		};
		1F0C704E23470C0B0090519B /* Frameworks */ = {
			isa = PBXFrameworksBuildPhase;
			buildActionMask = 2147483647;
			files = (
			);
			runOnlyForDeploymentPostprocessing = 0;
		};
		1F0C705923470C0C0090519B /* Frameworks */ = {
			isa = PBXFrameworksBuildPhase;
			buildActionMask = 2147483647;
			files = (
			);
			runOnlyForDeploymentPostprocessing = 0;
		};
/* End PBXFrameworksBuildPhase section */

/* Begin PBXGroup section */
		1F0C703223470C0A0090519B = {
			isa = PBXGroup;
			children = (
				1F0C703D23470C0A0090519B /* CurrencyConverter */,
				1F0C705423470C0B0090519B /* CurrencyConverterTests */,
				1F0C705F23470C0C0090519B /* CurrencyConverterUITests */,
				1F0C703C23470C0A0090519B /* Products */,
			);
			sourceTree = "<group>";
		};
		1F0C703C23470C0A0090519B /* Products */ = {
			isa = PBXGroup;
			children = (
				1F0C703B23470C0A0090519B /* CurrencyConverter.app */,
				1F0C705123470C0B0090519B /* CurrencyConverterTests.xctest */,
				1F0C705C23470C0C0090519B /* CurrencyConverterUITests.xctest */,
			);
			name = Products;
			sourceTree = "<group>";
		};
		1F0C703D23470C0A0090519B /* CurrencyConverter */ = {
			isa = PBXGroup;
			children = (
				1F0C703E23470C0A0090519B /* AppDelegate.swift */,
				1F0C704023470C0A0090519B /* SceneDelegate.swift */,
				1F0C707423470FC50090519B /* ConverterViewController.swift */,
				1F4ABBB623472D1C00C24C7E /* ConverterViewModel.swift */,
				1F4ABBB12347122B00C24C7E /* NumericInputLabel.swift */,
				1F4ABBBA23472FF400C24C7E /* InputButton.swift */,
				1F4ABBB42347141000C24C7E /* UIToolbar+Extensions.swift */,
				1F4ABBBC2347357400C24C7E /* UIResponder+Extensions.swift */,
				1F0C706E23470C6A0090519B /* Networking.swift */,
				1F0C707023470D5B0090519B /* WebService.swift */,
				1F0C704423470C0A0090519B /* Main.storyboard */,
				1F0C704723470C0B0090519B /* Assets.xcassets */,
				1F0C704923470C0B0090519B /* LaunchScreen.storyboard */,
				1F0C704C23470C0B0090519B /* Info.plist */,
				1F4ABBB823472D7400C24C7E /* CurrencyCodes.csv */,
			);
			path = CurrencyConverter;
			sourceTree = "<group>";
		};
		1F0C705423470C0B0090519B /* CurrencyConverterTests */ = {
			isa = PBXGroup;
			children = (
				1F0C705523470C0B0090519B /* CurrencyConverterTests.swift */,
				1F0C705723470C0B0090519B /* Info.plist */,
			);
			path = CurrencyConverterTests;
			sourceTree = "<group>";
		};
		1F0C705F23470C0C0090519B /* CurrencyConverterUITests */ = {
			isa = PBXGroup;
			children = (
				1F0C706023470C0C0090519B /* CurrencyConverterUITests.swift */,
				1F0C706223470C0C0090519B /* Info.plist */,
			);
			path = CurrencyConverterUITests;
			sourceTree = "<group>";
		};
/* End PBXGroup section */

/* Begin PBXNativeTarget section */
		1F0C703A23470C0A0090519B /* CurrencyConverter */ = {
			isa = PBXNativeTarget;
			buildConfigurationList = 1F0C706523470C0C0090519B /* Build configuration list for PBXNativeTarget "CurrencyConverter" */;
			buildPhases = (
				1F0C703723470C0A0090519B /* Sources */,
				1F0C703823470C0A0090519B /* Frameworks */,
				1F0C703923470C0A0090519B /* Resources */,
			);
			buildRules = (
			);
			dependencies = (
			);
			name = CurrencyConverter;
			productName = CurrencyConverter;
			productReference = 1F0C703B23470C0A0090519B /* CurrencyConverter.app */;
			productType = "com.apple.product-type.application";
		};
		1F0C705023470C0B0090519B /* CurrencyConverterTests */ = {
			isa = PBXNativeTarget;
			buildConfigurationList = 1F0C706823470C0C0090519B /* Build configuration list for PBXNativeTarget "CurrencyConverterTests" */;
			buildPhases = (
				1F0C704D23470C0B0090519B /* Sources */,
				1F0C704E23470C0B0090519B /* Frameworks */,
				1F0C704F23470C0B0090519B /* Resources */,
			);
			buildRules = (
			);
			dependencies = (
				1F0C705323470C0B0090519B /* PBXTargetDependency */,
			);
			name = CurrencyConverterTests;
			productName = CurrencyConverterTests;
			productReference = 1F0C705123470C0B0090519B /* CurrencyConverterTests.xctest */;
			productType = "com.apple.product-type.bundle.unit-test";
		};
		1F0C705B23470C0C0090519B /* CurrencyConverterUITests */ = {
			isa = PBXNativeTarget;
			buildConfigurationList = 1F0C706B23470C0C0090519B /* Build configuration list for PBXNativeTarget "CurrencyConverterUITests" */;
			buildPhases = (
				1F0C705823470C0C0090519B /* Sources */,
				1F0C705923470C0C0090519B /* Frameworks */,
				1F0C705A23470C0C0090519B /* Resources */,
			);
			buildRules = (
			);
			dependencies = (
				1F0C705E23470C0C0090519B /* PBXTargetDependency */,
			);
			name = CurrencyConverterUITests;
			productName = CurrencyConverterUITests;
			productReference = 1F0C705C23470C0C0090519B /* CurrencyConverterUITests.xctest */;
			productType = "com.apple.product-type.bundle.ui-testing";
		};
/* End PBXNativeTarget section */

/* Begin PBXProject section */
		1F0C703323470C0A0090519B /* Project object */ = {
			isa = PBXProject;
			attributes = {
				LastSwiftUpdateCheck = 1100;
				LastUpgradeCheck = 1100;
				ORGANIZATIONNAME = "Nicolás Miari";
				TargetAttributes = {
					1F0C703A23470C0A0090519B = {
						CreatedOnToolsVersion = 11.0;
					};
					1F0C705023470C0B0090519B = {
						CreatedOnToolsVersion = 11.0;
						TestTargetID = 1F0C703A23470C0A0090519B;
					};
					1F0C705B23470C0C0090519B = {
						CreatedOnToolsVersion = 11.0;
						TestTargetID = 1F0C703A23470C0A0090519B;
					};
				};
			};
			buildConfigurationList = 1F0C703623470C0A0090519B /* Build configuration list for PBXProject "CurrencyConverter" */;
			compatibilityVersion = "Xcode 9.3";
			developmentRegion = en;
			hasScannedForEncodings = 0;
			knownRegions = (
				en,
				Base,
			);
			mainGroup = 1F0C703223470C0A0090519B;
			productRefGroup = 1F0C703C23470C0A0090519B /* Products */;
			projectDirPath = "";
			projectRoot = "";
			targets = (
				1F0C703A23470C0A0090519B /* CurrencyConverter */,
				1F0C705023470C0B0090519B /* CurrencyConverterTests */,
				1F0C705B23470C0C0090519B /* CurrencyConverterUITests */,
			);
		};
/* End PBXProject section */

/* Begin PBXResourcesBuildPhase section */
		1F0C703923470C0A0090519B /* Resources */ = {
			isa = PBXResourcesBuildPhase;
			buildActionMask = 2147483647;
			files = (
				1F4ABBB923472D7400C24C7E /* CurrencyCodes.csv in Resources */,
				1F0C704B23470C0B0090519B /* LaunchScreen.storyboard in Resources */,
				1F0C704823470C0B0090519B /* Assets.xcassets in Resources */,
				1F0C704623470C0A0090519B /* Main.storyboard in Resources */,
			);
			runOnlyForDeploymentPostprocessing = 0;
		};
		1F0C704F23470C0B0090519B /* Resources */ = {
			isa = PBXResourcesBuildPhase;
			buildActionMask = 2147483647;
			files = (
			);
			runOnlyForDeploymentPostprocessing = 0;
		};
		1F0C705A23470C0C0090519B /* Resources */ = {
			isa = PBXResourcesBuildPhase;
			buildActionMask = 2147483647;
			files = (
			);
			runOnlyForDeploymentPostprocessing = 0;
		};
/* End PBXResourcesBuildPhase section */

/* Begin PBXSourcesBuildPhase section */
		1F0C703723470C0A0090519B /* Sources */ = {
			isa = PBXSourcesBuildPhase;
			buildActionMask = 2147483647;
			files = (
				1F0C703F23470C0A0090519B /* AppDelegate.swift in Sources */,
				1F0C704123470C0A0090519B /* SceneDelegate.swift in Sources */,
				1F4ABBB52347141000C24C7E /* UIToolbar+Extensions.swift in Sources */,
				1F0C707123470D5B0090519B /* WebService.swift in Sources */,
				1F0C706F23470C6A0090519B /* Networking.swift in Sources */,
				1F0C707523470FC50090519B /* ConverterViewController.swift in Sources */,
				1F4ABBBD2347357400C24C7E /* UIResponder+Extensions.swift in Sources */,
				1F4ABBB22347122B00C24C7E /* NumericInputLabel.swift in Sources */,
				1F4ABBBB23472FF400C24C7E /* InputButton.swift in Sources */,
				1F4ABBB723472D1C00C24C7E /* ConverterViewModel.swift in Sources */,
			);
			runOnlyForDeploymentPostprocessing = 0;
		};
		1F0C704D23470C0B0090519B /* Sources */ = {
			isa = PBXSourcesBuildPhase;
			buildActionMask = 2147483647;
			files = (
				1F0C705623470C0B0090519B /* CurrencyConverterTests.swift in Sources */,
			);
			runOnlyForDeploymentPostprocessing = 0;
		};
		1F0C705823470C0C0090519B /* Sources */ = {
			isa = PBXSourcesBuildPhase;
			buildActionMask = 2147483647;
			files = (
				1F0C706123470C0C0090519B /* CurrencyConverterUITests.swift in Sources */,
			);
			runOnlyForDeploymentPostprocessing = 0;
		};
/* End PBXSourcesBuildPhase section */

/* Begin PBXTargetDependency section */
		1F0C705323470C0B0090519B /* PBXTargetDependency */ = {
			isa = PBXTargetDependency;
			target = 1F0C703A23470C0A0090519B /* CurrencyConverter */;
			targetProxy = 1F0C705223470C0B0090519B /* PBXContainerItemProxy */;
		};
		1F0C705E23470C0C0090519B /* PBXTargetDependency */ = {
			isa = PBXTargetDependency;
			target = 1F0C703A23470C0A0090519B /* CurrencyConverter */;
			targetProxy = 1F0C705D23470C0C0090519B /* PBXContainerItemProxy */;
		};
/* End PBXTargetDependency section */

/* Begin PBXVariantGroup section */
		1F0C704423470C0A0090519B /* Main.storyboard */ = {
			isa = PBXVariantGroup;
			children = (
				1F0C704523470C0A0090519B /* Base */,
			);
			name = Main.storyboard;
			sourceTree = "<group>";
		};
		1F0C704923470C0B0090519B /* LaunchScreen.storyboard */ = {
			isa = PBXVariantGroup;
			children = (
				1F0C704A23470C0B0090519B /* Base */,
			);
			name = LaunchScreen.storyboard;
			sourceTree = "<group>";
		};
/* End PBXVariantGroup section */

/* Begin XCBuildConfiguration section */
		1F0C706323470C0C0090519B /* Debug */ = {
			isa = XCBuildConfiguration;
			buildSettings = {
				ALWAYS_SEARCH_USER_PATHS = NO;
				CLANG_ANALYZER_NONNULL = YES;
				CLANG_ANALYZER_NUMBER_OBJECT_CONVERSION = YES_AGGRESSIVE;
				CLANG_CXX_LANGUAGE_STANDARD = "gnu++14";
				CLANG_CXX_LIBRARY = "libc++";
				CLANG_ENABLE_MODULES = YES;
				CLANG_ENABLE_OBJC_ARC = YES;
				CLANG_ENABLE_OBJC_WEAK = YES;
				CLANG_WARN_BLOCK_CAPTURE_AUTORELEASING = YES;
				CLANG_WARN_BOOL_CONVERSION = YES;
				CLANG_WARN_COMMA = YES;
				CLANG_WARN_CONSTANT_CONVERSION = YES;
				CLANG_WARN_DEPRECATED_OBJC_IMPLEMENTATIONS = YES;
				CLANG_WARN_DIRECT_OBJC_ISA_USAGE = YES_ERROR;
				CLANG_WARN_DOCUMENTATION_COMMENTS = YES;
				CLANG_WARN_EMPTY_BODY = YES;
				CLANG_WARN_ENUM_CONVERSION = YES;
				CLANG_WARN_INFINITE_RECURSION = YES;
				CLANG_WARN_INT_CONVERSION = YES;
				CLANG_WARN_NON_LITERAL_NULL_CONVERSION = YES;
				CLANG_WARN_OBJC_IMPLICIT_RETAIN_SELF = YES;
				CLANG_WARN_OBJC_LITERAL_CONVERSION = YES;
				CLANG_WARN_OBJC_ROOT_CLASS = YES_ERROR;
				CLANG_WARN_RANGE_LOOP_ANALYSIS = YES;
				CLANG_WARN_STRICT_PROTOTYPES = YES;
				CLANG_WARN_SUSPICIOUS_MOVE = YES;
				CLANG_WARN_UNGUARDED_AVAILABILITY = YES_AGGRESSIVE;
				CLANG_WARN_UNREACHABLE_CODE = YES;
				CLANG_WARN__DUPLICATE_METHOD_MATCH = YES;
				COPY_PHASE_STRIP = NO;
				DEBUG_INFORMATION_FORMAT = dwarf;
				ENABLE_STRICT_OBJC_MSGSEND = YES;
				ENABLE_TESTABILITY = YES;
				GCC_C_LANGUAGE_STANDARD = gnu11;
				GCC_DYNAMIC_NO_PIC = NO;
				GCC_NO_COMMON_BLOCKS = YES;
				GCC_OPTIMIZATION_LEVEL = 0;
				GCC_PREPROCESSOR_DEFINITIONS = (
					"DEBUG=1",
					"$(inherited)",
				);
				GCC_WARN_64_TO_32_BIT_CONVERSION = YES;
				GCC_WARN_ABOUT_RETURN_TYPE = YES_ERROR;
				GCC_WARN_UNDECLARED_SELECTOR = YES;
				GCC_WARN_UNINITIALIZED_AUTOS = YES_AGGRESSIVE;
				GCC_WARN_UNUSED_FUNCTION = YES;
				GCC_WARN_UNUSED_VARIABLE = YES;
				IPHONEOS_DEPLOYMENT_TARGET = 13.0;
				MTL_ENABLE_DEBUG_INFO = INCLUDE_SOURCE;
				MTL_FAST_MATH = YES;
				ONLY_ACTIVE_ARCH = YES;
				SDKROOT = iphoneos;
				SWIFT_ACTIVE_COMPILATION_CONDITIONS = DEBUG;
				SWIFT_OPTIMIZATION_LEVEL = "-Onone";
			};
			name = Debug;
		};
		1F0C706423470C0C0090519B /* Release */ = {
			isa = XCBuildConfiguration;
			buildSettings = {
				ALWAYS_SEARCH_USER_PATHS = NO;
				CLANG_ANALYZER_NONNULL = YES;
				CLANG_ANALYZER_NUMBER_OBJECT_CONVERSION = YES_AGGRESSIVE;
				CLANG_CXX_LANGUAGE_STANDARD = "gnu++14";
				CLANG_CXX_LIBRARY = "libc++";
				CLANG_ENABLE_MODULES = YES;
				CLANG_ENABLE_OBJC_ARC = YES;
				CLANG_ENABLE_OBJC_WEAK = YES;
				CLANG_WARN_BLOCK_CAPTURE_AUTORELEASING = YES;
				CLANG_WARN_BOOL_CONVERSION = YES;
				CLANG_WARN_COMMA = YES;
				CLANG_WARN_CONSTANT_CONVERSION = YES;
				CLANG_WARN_DEPRECATED_OBJC_IMPLEMENTATIONS = YES;
				CLANG_WARN_DIRECT_OBJC_ISA_USAGE = YES_ERROR;
				CLANG_WARN_DOCUMENTATION_COMMENTS = YES;
				CLANG_WARN_EMPTY_BODY = YES;
				CLANG_WARN_ENUM_CONVERSION = YES;
				CLANG_WARN_INFINITE_RECURSION = YES;
				CLANG_WARN_INT_CONVERSION = YES;
				CLANG_WARN_NON_LITERAL_NULL_CONVERSION = YES;
				CLANG_WARN_OBJC_IMPLICIT_RETAIN_SELF = YES;
				CLANG_WARN_OBJC_LITERAL_CONVERSION = YES;
				CLANG_WARN_OBJC_ROOT_CLASS = YES_ERROR;
				CLANG_WARN_RANGE_LOOP_ANALYSIS = YES;
				CLANG_WARN_STRICT_PROTOTYPES = YES;
				CLANG_WARN_SUSPICIOUS_MOVE = YES;
				CLANG_WARN_UNGUARDED_AVAILABILITY = YES_AGGRESSIVE;
				CLANG_WARN_UNREACHABLE_CODE = YES;
				CLANG_WARN__DUPLICATE_METHOD_MATCH = YES;
				COPY_PHASE_STRIP = NO;
				DEBUG_INFORMATION_FORMAT = "dwarf-with-dsym";
				ENABLE_NS_ASSERTIONS = NO;
				ENABLE_STRICT_OBJC_MSGSEND = YES;
				GCC_C_LANGUAGE_STANDARD = gnu11;
				GCC_NO_COMMON_BLOCKS = YES;
				GCC_WARN_64_TO_32_BIT_CONVERSION = YES;
				GCC_WARN_ABOUT_RETURN_TYPE = YES_ERROR;
				GCC_WARN_UNDECLARED_SELECTOR = YES;
				GCC_WARN_UNINITIALIZED_AUTOS = YES_AGGRESSIVE;
				GCC_WARN_UNUSED_FUNCTION = YES;
				GCC_WARN_UNUSED_VARIABLE = YES;
				IPHONEOS_DEPLOYMENT_TARGET = 13.0;
				MTL_ENABLE_DEBUG_INFO = NO;
				MTL_FAST_MATH = YES;
				SDKROOT = iphoneos;
				SWIFT_COMPILATION_MODE = wholemodule;
				SWIFT_OPTIMIZATION_LEVEL = "-O";
				VALIDATE_PRODUCT = YES;
			};
			name = Release;
		};
		1F0C706623470C0C0090519B /* Debug */ = {
			isa = XCBuildConfiguration;
			buildSettings = {
				ASSETCATALOG_COMPILER_APPICON_NAME = AppIcon;
				CODE_SIGN_STYLE = Automatic;
				DEVELOPMENT_TEAM = D2D4S4F85R;
				INFOPLIST_FILE = CurrencyConverter/Info.plist;
				LD_RUNPATH_SEARCH_PATHS = (
					"$(inherited)",
					"@executable_path/Frameworks",
				);
				MARKETING_VERSION = 0.0.1;
				PRODUCT_BUNDLE_IDENTIFIER = com.nicolasmiari.CurrencyConverter;
				PRODUCT_NAME = "$(TARGET_NAME)";
				SWIFT_VERSION = 5.0;
				TARGETED_DEVICE_FAMILY = "1,2";
			};
			name = Debug;
		};
		1F0C706723470C0C0090519B /* Release */ = {
			isa = XCBuildConfiguration;
			buildSettings = {
				ASSETCATALOG_COMPILER_APPICON_NAME = AppIcon;
				CODE_SIGN_STYLE = Automatic;
				DEVELOPMENT_TEAM = D2D4S4F85R;
				INFOPLIST_FILE = CurrencyConverter/Info.plist;
				LD_RUNPATH_SEARCH_PATHS = (
					"$(inherited)",
					"@executable_path/Frameworks",
				);
				MARKETING_VERSION = 0.0.1;
				PRODUCT_BUNDLE_IDENTIFIER = com.nicolasmiari.CurrencyConverter;
				PRODUCT_NAME = "$(TARGET_NAME)";
				SWIFT_VERSION = 5.0;
				TARGETED_DEVICE_FAMILY = "1,2";
			};
			name = Release;
		};
		1F0C706923470C0C0090519B /* Debug */ = {
			isa = XCBuildConfiguration;
			buildSettings = {
				ALWAYS_EMBED_SWIFT_STANDARD_LIBRARIES = YES;
				BUNDLE_LOADER = "$(TEST_HOST)";
				CODE_SIGN_STYLE = Automatic;
				DEVELOPMENT_TEAM = D2D4S4F85R;
				INFOPLIST_FILE = CurrencyConverterTests/Info.plist;
				IPHONEOS_DEPLOYMENT_TARGET = 13.0;
				LD_RUNPATH_SEARCH_PATHS = (
					"$(inherited)",
					"@executable_path/Frameworks",
					"@loader_path/Frameworks",
				);
				PRODUCT_BUNDLE_IDENTIFIER = com.nicolasmiari.CurrencyConverterTests;
				PRODUCT_NAME = "$(TARGET_NAME)";
				SWIFT_VERSION = 5.0;
				TARGETED_DEVICE_FAMILY = "1,2";
				TEST_HOST = "$(BUILT_PRODUCTS_DIR)/CurrencyConverter.app/CurrencyConverter";
			};
			name = Debug;
		};
		1F0C706A23470C0C0090519B /* Release */ = {
			isa = XCBuildConfiguration;
			buildSettings = {
				ALWAYS_EMBED_SWIFT_STANDARD_LIBRARIES = YES;
				BUNDLE_LOADER = "$(TEST_HOST)";
				CODE_SIGN_STYLE = Automatic;
				DEVELOPMENT_TEAM = D2D4S4F85R;
				INFOPLIST_FILE = CurrencyConverterTests/Info.plist;
				IPHONEOS_DEPLOYMENT_TARGET = 13.0;
				LD_RUNPATH_SEARCH_PATHS = (
					"$(inherited)",
					"@executable_path/Frameworks",
					"@loader_path/Frameworks",
				);
				PRODUCT_BUNDLE_IDENTIFIER = com.nicolasmiari.CurrencyConverterTests;
				PRODUCT_NAME = "$(TARGET_NAME)";
				SWIFT_VERSION = 5.0;
				TARGETED_DEVICE_FAMILY = "1,2";
				TEST_HOST = "$(BUILT_PRODUCTS_DIR)/CurrencyConverter.app/CurrencyConverter";
			};
			name = Release;
		};
		1F0C706C23470C0C0090519B /* Debug */ = {
			isa = XCBuildConfiguration;
			buildSettings = {
				ALWAYS_EMBED_SWIFT_STANDARD_LIBRARIES = YES;
				CODE_SIGN_STYLE = Automatic;
				DEVELOPMENT_TEAM = D2D4S4F85R;
				INFOPLIST_FILE = CurrencyConverterUITests/Info.plist;
				LD_RUNPATH_SEARCH_PATHS = (
					"$(inherited)",
					"@executable_path/Frameworks",
					"@loader_path/Frameworks",
				);
				PRODUCT_BUNDLE_IDENTIFIER = com.nicolasmiari.CurrencyConverterUITests;
				PRODUCT_NAME = "$(TARGET_NAME)";
				SWIFT_VERSION = 5.0;
				TARGETED_DEVICE_FAMILY = "1,2";
				TEST_TARGET_NAME = CurrencyConverter;
			};
			name = Debug;
		};
		1F0C706D23470C0C0090519B /* Release */ = {
			isa = XCBuildConfiguration;
			buildSettings = {
				ALWAYS_EMBED_SWIFT_STANDARD_LIBRARIES = YES;
				CODE_SIGN_STYLE = Automatic;
				DEVELOPMENT_TEAM = D2D4S4F85R;
				INFOPLIST_FILE = CurrencyConverterUITests/Info.plist;
				LD_RUNPATH_SEARCH_PATHS = (
					"$(inherited)",
					"@executable_path/Frameworks",
					"@loader_path/Frameworks",
				);
				PRODUCT_BUNDLE_IDENTIFIER = com.nicolasmiari.CurrencyConverterUITests;
				PRODUCT_NAME = "$(TARGET_NAME)";
				SWIFT_VERSION = 5.0;
				TARGETED_DEVICE_FAMILY = "1,2";
				TEST_TARGET_NAME = CurrencyConverter;
			};
			name = Release;
		};
/* End XCBuildConfiguration section */

/* Begin XCConfigurationList section */
		1F0C703623470C0A0090519B /* Build configuration list for PBXProject "CurrencyConverter" */ = {
			isa = XCConfigurationList;
			buildConfigurations = (
				1F0C706323470C0C0090519B /* Debug */,
				1F0C706423470C0C0090519B /* Release */,
			);
			defaultConfigurationIsVisible = 0;
			defaultConfigurationName = Release;
		};
		1F0C706523470C0C0090519B /* Build configuration list for PBXNativeTarget "CurrencyConverter" */ = {
			isa = XCConfigurationList;
			buildConfigurations = (
				1F0C706623470C0C0090519B /* Debug */,
				1F0C706723470C0C0090519B /* Release */,
			);
			defaultConfigurationIsVisible = 0;
			defaultConfigurationName = Release;
		};
		1F0C706823470C0C0090519B /* Build configuration list for PBXNativeTarget "CurrencyConverterTests" */ = {
			isa = XCConfigurationList;
			buildConfigurations = (
				1F0C706923470C0C0090519B /* Debug */,
				1F0C706A23470C0C0090519B /* Release */,
			);
			defaultConfigurationIsVisible = 0;
			defaultConfigurationName = Release;
		};
		1F0C706B23470C0C0090519B /* Build configuration list for PBXNativeTarget "CurrencyConverterUITests" */ = {
			isa = XCConfigurationList;
			buildConfigurations = (
				1F0C706C23470C0C0090519B /* Debug */,
				1F0C706D23470C0C0090519B /* Release */,
			);
			defaultConfigurationIsVisible = 0;
			defaultConfigurationName = Release;
		};
/* End XCConfigurationList section */
	};
	rootObject = 1F0C703323470C0A0090519B /* Project object */;
}
